{
  "requires": true,
  "lockfileVersion": 1,
  "dependencies": {
    "vue": {
      "version": "2.6.12",
      "resolved": "https://registry.npmjs.org/vue/-/vue-2.6.12.tgz",
      "integrity": "sha512-uhmLFETqPPNyuLLbsKz6ioJ4q7AZHzD8ZVFNATNyICSZouqP2Sz0rotWQC8UNBF6VGSCs5abnKJoStA6JbCbfg=="
    },
    "vue-frame": {
      "version": "1.0.7",
      "resolved": "https://registry.npmjs.org/vue-frame/-/vue-frame-1.0.7.tgz",
      "integrity": "sha512-qFlRCx5v8JNJnQK1/Gw/wX+DVQ2E8p/zKBmsYMJ81Whyyr+aXPsjxzEAs72cbi4enhC9Nx3U6OX3RFmQ8p8oqQ==",
      "requires": {
        "vue": "2.6.12"
      }
    }
  }
}
